
Microsoft Visual Studio Solution File, Format Version 12.00
# Visual Studio Version 17
VisualStudioVersion = 17.8.34309.116
MinimumVisualStudioVersion = 10.0.40219.1
Project("{FAE04EC0-301F-11D3-BF4B-00C04F79EFBC}") = "StateManagement", "StateManagement.csproj", "{59C97BB1-FDF4-4ABC-BEE3-671814E27A17}"
EndProject
Global
	GlobalSection(SolutionConfigurationPlatforms) = preSolution
		Debug|Any CPU = Debug|Any CPU
		Release|Any CPU = Release|Any CPU
	EndGlobalSection
	GlobalSection(ProjectConfigurationPlatforms) = postSolution
		{59C97BB1-FDF4-4ABC-BEE3-671814E27A17}.Debug|Any CPU.ActiveCfg = Debug|Any CPU
		{59C97BB1-FDF4-4ABC-BEE3-671814E27A17}.Debug|Any CPU.Build.0 = Debug|Any CPU
		{59C97BB1-FDF4-4ABC-BEE3-671814E27A17}.Release|Any CPU.ActiveCfg = Release|Any CPU
		{59C97BB1-FDF4-4ABC-BEE3-671814E27A17}.Release|Any CPU.Build.0 = Release|Any CPU
	EndGlobalSection
	GlobalSection(SolutionProperties) = preSolution
		HideSolutionNode = FALSE
	EndGlobalSection
	GlobalSection(ExtensibilityGlobals) = postSolution
		SolutionGuid = {1274A87F-827E-45AC-9EB5-3197FDB9D559}
	EndGlobalSection
EndGlobal
