
Microsoft Visual Studio Solution File, Format Version 12.00
# Visual Studio Version 17
VisualStudioVersion = 17.8.34309.116
MinimumVisualStudioVersion = 10.0.40219.1
Project("{FAE04EC0-301F-11D3-BF4B-00C04F79EFBC}") = "ListOfBooksApplication", "ListOfBooksApplication.csproj", "{BBA88FF9-C5D4-48A6-99FE-C2EA8B73A3BE}"
EndProject
Global
	GlobalSection(SolutionConfigurationPlatforms) = preSolution
		Debug|Any CPU = Debug|Any CPU
		Release|Any CPU = Release|Any CPU
	EndGlobalSection
	GlobalSection(ProjectConfigurationPlatforms) = postSolution
		{BBA88FF9-C5D4-48A6-99FE-C2EA8B73A3BE}.Debug|Any CPU.ActiveCfg = Debug|Any CPU
		{BBA88FF9-C5D4-48A6-99FE-C2EA8B73A3BE}.Debug|Any CPU.Build.0 = Debug|Any CPU
		{BBA88FF9-C5D4-48A6-99FE-C2EA8B73A3BE}.Release|Any CPU.ActiveCfg = Release|Any CPU
		{BBA88FF9-C5D4-48A6-99FE-C2EA8B73A3BE}.Release|Any CPU.Build.0 = Release|Any CPU
	EndGlobalSection
	GlobalSection(SolutionProperties) = preSolution
		HideSolutionNode = FALSE
	EndGlobalSection
	GlobalSection(ExtensibilityGlobals) = postSolution
		SolutionGuid = {703A4105-3665-4049-A99F-29BCC976E692}
	EndGlobalSection
EndGlobal
