
Microsoft Visual Studio Solution File, Format Version 12.00
# Visual Studio Version 17
VisualStudioVersion = 17.8.34309.116
MinimumVisualStudioVersion = 10.0.40219.1
Project("{FAE04EC0-301F-11D3-BF4B-00C04F79EFBC}") = "EntityFrameworkApplication", "EntityFrameworkApplication.csproj", "{FAFD2BDE-7E35-4317-872F-9D2086BA3336}"
EndProject
Global
	GlobalSection(SolutionConfigurationPlatforms) = preSolution
		Debug|Any CPU = Debug|Any CPU
		Release|Any CPU = Release|Any CPU
	EndGlobalSection
	GlobalSection(ProjectConfigurationPlatforms) = postSolution
		{FAFD2BDE-7E35-4317-872F-9D2086BA3336}.Debug|Any CPU.ActiveCfg = Debug|Any CPU
		{FAFD2BDE-7E35-4317-872F-9D2086BA3336}.Debug|Any CPU.Build.0 = Debug|Any CPU
		{FAFD2BDE-7E35-4317-872F-9D2086BA3336}.Release|Any CPU.ActiveCfg = Release|Any CPU
		{FAFD2BDE-7E35-4317-872F-9D2086BA3336}.Release|Any CPU.Build.0 = Release|Any CPU
	EndGlobalSection
	GlobalSection(SolutionProperties) = preSolution
		HideSolutionNode = FALSE
	EndGlobalSection
	GlobalSection(ExtensibilityGlobals) = postSolution
		SolutionGuid = {01683BE2-ABF4-43CC-8C99-B6447D302215}
	EndGlobalSection
EndGlobal
