
Microsoft Visual Studio Solution File, Format Version 12.00
# Visual Studio Version 17
VisualStudioVersion = 17.8.34309.116
MinimumVisualStudioVersion = 10.0.40219.1
Project("{FAE04EC0-301F-11D3-BF4B-00C04F79EFBC}") = "LeapYearApplication", "LeapYearApplication.csproj", "{88013443-82BA-4BF9-A14D-F8C17E2DE67B}"
EndProject
Global
	GlobalSection(SolutionConfigurationPlatforms) = preSolution
		Debug|Any CPU = Debug|Any CPU
		Release|Any CPU = Release|Any CPU
	EndGlobalSection
	GlobalSection(ProjectConfigurationPlatforms) = postSolution
		{88013443-82BA-4BF9-A14D-F8C17E2DE67B}.Debug|Any CPU.ActiveCfg = Debug|Any CPU
		{88013443-82BA-4BF9-A14D-F8C17E2DE67B}.Debug|Any CPU.Build.0 = Debug|Any CPU
		{88013443-82BA-4BF9-A14D-F8C17E2DE67B}.Release|Any CPU.ActiveCfg = Release|Any CPU
		{88013443-82BA-4BF9-A14D-F8C17E2DE67B}.Release|Any CPU.Build.0 = Release|Any CPU
	EndGlobalSection
	GlobalSection(SolutionProperties) = preSolution
		HideSolutionNode = FALSE
	EndGlobalSection
	GlobalSection(ExtensibilityGlobals) = postSolution
		SolutionGuid = {9A2501E6-1B6F-4838-A888-6D2A1C3633F2}
	EndGlobalSection
EndGlobal
