
Microsoft Visual Studio Solution File, Format Version 12.00
# Visual Studio Version 17
VisualStudioVersion = 17.8.34309.116
MinimumVisualStudioVersion = 10.0.40219.1
Project("{FAE04EC0-301F-11D3-BF4B-00C04F79EFBC}") = "LinqApplication", "LinqApplication.csproj", "{AAD4BFCB-2EA5-417C-BEFA-260B1B3112D9}"
EndProject
Global
	GlobalSection(SolutionConfigurationPlatforms) = preSolution
		Debug|Any CPU = Debug|Any CPU
		Release|Any CPU = Release|Any CPU
	EndGlobalSection
	GlobalSection(ProjectConfigurationPlatforms) = postSolution
		{AAD4BFCB-2EA5-417C-BEFA-260B1B3112D9}.Debug|Any CPU.ActiveCfg = Debug|Any CPU
		{AAD4BFCB-2EA5-417C-BEFA-260B1B3112D9}.Debug|Any CPU.Build.0 = Debug|Any CPU
		{AAD4BFCB-2EA5-417C-BEFA-260B1B3112D9}.Release|Any CPU.ActiveCfg = Release|Any CPU
		{AAD4BFCB-2EA5-417C-BEFA-260B1B3112D9}.Release|Any CPU.Build.0 = Release|Any CPU
	EndGlobalSection
	GlobalSection(SolutionProperties) = preSolution
		HideSolutionNode = FALSE
	EndGlobalSection
	GlobalSection(ExtensibilityGlobals) = postSolution
		SolutionGuid = {B772EEEF-E206-4206-9846-11B39A7969BA}
	EndGlobalSection
EndGlobal
