
Microsoft Visual Studio Solution File, Format Version 12.00
# Visual Studio Version 17
VisualStudioVersion = 17.8.34309.116
MinimumVisualStudioVersion = 10.0.40219.1
Project("{FAE04EC0-301F-11D3-BF4B-00C04F79EFBC}") = "ScreenSaverApplication", "ScreenSaverApplication.csproj", "{2E3A578D-2438-413A-ADBF-2F8F302C17E8}"
EndProject
Global
	GlobalSection(SolutionConfigurationPlatforms) = preSolution
		Debug|Any CPU = Debug|Any CPU
		Release|Any CPU = Release|Any CPU
	EndGlobalSection
	GlobalSection(ProjectConfigurationPlatforms) = postSolution
		{2E3A578D-2438-413A-ADBF-2F8F302C17E8}.Debug|Any CPU.ActiveCfg = Debug|Any CPU
		{2E3A578D-2438-413A-ADBF-2F8F302C17E8}.Debug|Any CPU.Build.0 = Debug|Any CPU
		{2E3A578D-2438-413A-ADBF-2F8F302C17E8}.Release|Any CPU.ActiveCfg = Release|Any CPU
		{2E3A578D-2438-413A-ADBF-2F8F302C17E8}.Release|Any CPU.Build.0 = Release|Any CPU
	EndGlobalSection
	GlobalSection(SolutionProperties) = preSolution
		HideSolutionNode = FALSE
	EndGlobalSection
	GlobalSection(ExtensibilityGlobals) = postSolution
		SolutionGuid = {15A3046A-24F8-45F7-A717-910FB394666C}
	EndGlobalSection
EndGlobal
